
Microsoft Visual Studio Solution File, Format Version 12.00
# Visual Studio Version 16
VisualStudioVersion = 16.0.31205.134
MinimumVisualStudioVersion = 10.0.40219.1
Project("{FAE04EC0-301F-11D3-BF4B-00C04F79EFBC}") = "Assignment_02", "Assignment_02.csproj", "{455264E5-35DC-4AB9-8A4F-80B292C0B1B9}"
EndProject
Project("{9A19103F-16F7-4668-BE54-9A1E7A4F7556}") = "Student", "..\Student\Student.csproj", "{375E8F73-C396-42D9-AA6F-57987A8FE277}"
EndProject
Project("{9A19103F-16F7-4668-BE54-9A1E7A4F7556}") = "Teacher", "..\Teacher\Teacher.csproj", "{22085E56-8BDE-4831-9CEA-C44B7CB7A7E4}"
EndProject
Project("{9A19103F-16F7-4668-BE54-9A1E7A4F7556}") = "Course", "..\Course\Course.csproj", "{473A9AC0-1120-4EC0-ABD3-3305FEA90705}"
EndProject
Project("{9A19103F-16F7-4668-BE54-9A1E7A4F7556}") = "Admin", "..\Admin\Admin.csproj", "{8B0BC32A-891A-4DC3-B577-E1E83E410AFD}"
EndProject
Global
	GlobalSection(SolutionConfigurationPlatforms) = preSolution
		Debug|Any CPU = Debug|Any CPU
		Release|Any CPU = Release|Any CPU
	EndGlobalSection
	GlobalSection(ProjectConfigurationPlatforms) = postSolution
		{455264E5-35DC-4AB9-8A4F-80B292C0B1B9}.Debug|Any CPU.ActiveCfg = Debug|Any CPU
		{455264E5-35DC-4AB9-8A4F-80B292C0B1B9}.Debug|Any CPU.Build.0 = Debug|Any CPU
		{455264E5-35DC-4AB9-8A4F-80B292C0B1B9}.Release|Any CPU.ActiveCfg = Release|Any CPU
		{455264E5-35DC-4AB9-8A4F-80B292C0B1B9}.Release|Any CPU.Build.0 = Release|Any CPU
		{375E8F73-C396-42D9-AA6F-57987A8FE277}.Debug|Any CPU.ActiveCfg = Debug|Any CPU
		{375E8F73-C396-42D9-AA6F-57987A8FE277}.Debug|Any CPU.Build.0 = Debug|Any CPU
		{375E8F73-C396-42D9-AA6F-57987A8FE277}.Release|Any CPU.ActiveCfg = Release|Any CPU
		{375E8F73-C396-42D9-AA6F-57987A8FE277}.Release|Any CPU.Build.0 = Release|Any CPU
		{22085E56-8BDE-4831-9CEA-C44B7CB7A7E4}.Debug|Any CPU.ActiveCfg = Debug|Any CPU
		{22085E56-8BDE-4831-9CEA-C44B7CB7A7E4}.Debug|Any CPU.Build.0 = Debug|Any CPU
		{22085E56-8BDE-4831-9CEA-C44B7CB7A7E4}.Release|Any CPU.ActiveCfg = Release|Any CPU
		{22085E56-8BDE-4831-9CEA-C44B7CB7A7E4}.Release|Any CPU.Build.0 = Release|Any CPU
		{473A9AC0-1120-4EC0-ABD3-3305FEA90705}.Debug|Any CPU.ActiveCfg = Debug|Any CPU
		{473A9AC0-1120-4EC0-ABD3-3305FEA90705}.Debug|Any CPU.Build.0 = Debug|Any CPU
		{473A9AC0-1120-4EC0-ABD3-3305FEA90705}.Release|Any CPU.ActiveCfg = Release|Any CPU
		{473A9AC0-1120-4EC0-ABD3-3305FEA90705}.Release|Any CPU.Build.0 = Release|Any CPU
		{8B0BC32A-891A-4DC3-B577-E1E83E410AFD}.Debug|Any CPU.ActiveCfg = Debug|Any CPU
		{8B0BC32A-891A-4DC3-B577-E1E83E410AFD}.Debug|Any CPU.Build.0 = Debug|Any CPU
		{8B0BC32A-891A-4DC3-B577-E1E83E410AFD}.Release|Any CPU.ActiveCfg = Release|Any CPU
		{8B0BC32A-891A-4DC3-B577-E1E83E410AFD}.Release|Any CPU.Build.0 = Release|Any CPU
	EndGlobalSection
	GlobalSection(SolutionProperties) = preSolution
		HideSolutionNode = FALSE
	EndGlobalSection
	GlobalSection(ExtensibilityGlobals) = postSolution
		SolutionGuid = {8812ADE9-6BBE-420A-BC3C-5CA62F44A19D}
	EndGlobalSection
EndGlobal
